# THIS IS AN AUTOGENERATED FILE. DO NOT EDIT THIS FILE DIRECTLY.
# yarn lockfile v1


"@openzeppelin/contracts@4.6.0":
  version "4.6.0"
  resolved "https://registry.yarnpkg.com/@openzeppelin/contracts/-/contracts-4.6.0.tgz#c91cf64bc27f573836dba4122758b4743418c1b3"
  integrity sha512-8vi4d50NNya/bQqCmaVzvHNmwHvS0OBKb7HNtuNwEE3scXWrP31fKQoGxNMT+KbzmrNZzatE3QK5p2gFONI/hg==

"@prb/math@4.0.1":
  version "4.0.1"
  resolved "https://registry.yarnpkg.com/@prb/math/-/math-4.0.1.tgz#bc90277f4f1c085c973f502455bf12c2b3b67666"
  integrity sha512-ANTz2KMV+dMdZ57mWgDTR6jZo5uQzUczQEHCxd7CvJZZ9yafnfPhUUILHvvigIOZ85fZbTPVkC8YoRG1z5Qf7g==
